// !$*UTF8*$!
{
	archiveVersion = 1;
	classes = {
	};
	objectVersion = 51;
	objects = {

/* Begin PBXBuildFile section */
		2D1A578723F06F1F1A26BF54 /* Pods_OnrampProject_OnrampProjectUITests.framework in Frameworks */ = {isa = PBXBuildFile; fileRef = AA25D13C99BA96C16D12BB19 /* Pods_OnrampProject_OnrampProjectUITests.framework */; };
		5049BE9DD04C95B29F4BB9C3 /* Pods_OnrampProjectTests.framework in Frameworks */ = {isa = PBXBuildFile; fileRef = D7C95B666C04B4C7F8357877 /* Pods_OnrampProjectTests.framework */; };
		6030FC7023FF0C79007F0901 /* AppDelegate.swift in Sources */ = {isa = PBXBuildFile; fileRef = 6030FC6F23FF0C79007F0901 /* AppDelegate.swift */; };
		6030FC7223FF0C79007F0901 /* SceneDelegate.swift in Sources */ = {isa = PBXBuildFile; fileRef = 6030FC7123FF0C79007F0901 /* SceneDelegate.swift */; };
		6030FC7423FF0C79007F0901 /* RootViewController.swift in Sources */ = {isa = PBXBuildFile; fileRef = 6030FC7323FF0C79007F0901 /* RootViewController.swift */; };
		6030FC7723FF0C79007F0901 /* Main.storyboard in Resources */ = {isa = PBXBuildFile; fileRef = 6030FC7523FF0C79007F0901 /* Main.storyboard */; };
		6030FC7923FF0C7A007F0901 /* Assets.xcassets in Resources */ = {isa = PBXBuildFile; fileRef = 6030FC7823FF0C7A007F0901 /* Assets.xcassets */; };
		6030FC7C23FF0C7A007F0901 /* LaunchScreen.storyboard in Resources */ = {isa = PBXBuildFile; fileRef = 6030FC7A23FF0C7A007F0901 /* LaunchScreen.storyboard */; };
		6030FC8723FF0C7A007F0901 /* OnrampProjectTests.swift in Sources */ = {isa = PBXBuildFile; fileRef = 6030FC8623FF0C7A007F0901 /* OnrampProjectTests.swift */; };
		6030FC9223FF0C7A007F0901 /* OnrampProjectUITests.swift in Sources */ = {isa = PBXBuildFile; fileRef = 6030FC9123FF0C7A007F0901 /* OnrampProjectUITests.swift */; };
		72EE0D2E0B6C54881D308248 /* Pods_OnrampProject.framework in Frameworks */ = {isa = PBXBuildFile; fileRef = 8E44361E8B62B28FC3F67396 /* Pods_OnrampProject.framework */; };
		8708DDD0240C94A500A09254 /* GalleryViewController.swift in Sources */ = {isa = PBXBuildFile; fileRef = 8708DDCF240C94A500A09254 /* GalleryViewController.swift */; };
		8708DDD2240CA99700A09254 /* Plane.swift in Sources */ = {isa = PBXBuildFile; fileRef = 8708DDD1240CA99700A09254 /* Plane.swift */; };
		8708DDD6240EBFC800A09254 /* CaptureNarcosData.swift in Sources */ = {isa = PBXBuildFile; fileRef = 8708DDD5240EBFC800A09254 /* CaptureNarcosData.swift */; };
		8708DDDB240EDC6200A09254 /* SettingsViewController.swift in Sources */ = {isa = PBXBuildFile; fileRef = 8708DDDA240EDC6200A09254 /* SettingsViewController.swift */; };
		8708DDDD240EDE2F00A09254 /* RegistrationViewController.swift in Sources */ = {isa = PBXBuildFile; fileRef = 8708DDDC240EDE2F00A09254 /* RegistrationViewController.swift */; };
		8708DDDF240EDEE100A09254 /* LoginViewController.swift in Sources */ = {isa = PBXBuildFile; fileRef = 8708DDDE240EDEE100A09254 /* LoginViewController.swift */; };
		8708DDE1240F026D00A09254 /* CustomTextField.swift in Sources */ = {isa = PBXBuildFile; fileRef = 8708DDE0240F026D00A09254 /* CustomTextField.swift */; };
		8708DDE5240F461800A09254 /* RegistrationView.swift in Sources */ = {isa = PBXBuildFile; fileRef = 8708DDE4240F461800A09254 /* RegistrationView.swift */; };
		8708DDE9240F7BD200A09254 /* RegistrationViewModel.swift in Sources */ = {isa = PBXBuildFile; fileRef = 8708DDE8240F7BD100A09254 /* RegistrationViewModel.swift */; };
		8708DDED24101BCB00A09254 /* Bindable.swift in Sources */ = {isa = PBXBuildFile; fileRef = 8708DDEC24101BCB00A09254 /* Bindable.swift */; };
		8708DDF12410912000A09254 /* GoogleService-Info.plist in Resources */ = {isa = PBXBuildFile; fileRef = 8708DDF02410912000A09254 /* GoogleService-Info.plist */; };
		8708DDF3241096A100A09254 /* User.swift in Sources */ = {isa = PBXBuildFile; fileRef = 8708DDF2241096A100A09254 /* User.swift */; };
		87407CB6240A7E10000ADF81 /* UIView+Layout.swift in Sources */ = {isa = PBXBuildFile; fileRef = 87407CB5240A7E10000ADF81 /* UIView+Layout.swift */; };
		87407CB9240A7EF5000ADF81 /* PhotoGalleryController.swift in Sources */ = {isa = PBXBuildFile; fileRef = 87407CB8240A7EF5000ADF81 /* PhotoGalleryController.swift */; };
		87407CBC240A7FDE000ADF81 /* BaseCollectionViewController.swift in Sources */ = {isa = PBXBuildFile; fileRef = 87407CBB240A7FDE000ADF81 /* BaseCollectionViewController.swift */; };
		8754B681241172E6000B9FC1 /* SettingsCell.swift in Sources */ = {isa = PBXBuildFile; fileRef = 8754B680241172E6000B9FC1 /* SettingsCell.swift */; };
		8754B6832411CDD9000B9FC1 /* NotifyMeCell.swift in Sources */ = {isa = PBXBuildFile; fileRef = 8754B6822411CDD9000B9FC1 /* NotifyMeCell.swift */; };
		8754B686241207E6000B9FC1 /* LoginViewModel.swift in Sources */ = {isa = PBXBuildFile; fileRef = 8754B685241207E6000B9FC1 /* LoginViewModel.swift */; };
		8754B6892412080C000B9FC1 /* LoginView.swift in Sources */ = {isa = PBXBuildFile; fileRef = 8754B6882412080C000B9FC1 /* LoginView.swift */; };
		8756833B240AF1A800F36E9E /* PhotoGalleryCell.swift in Sources */ = {isa = PBXBuildFile; fileRef = 8756833A240AF1A800F36E9E /* PhotoGalleryCell.swift */; };
		8756833D240AF2AF00F36E9E /* LightAndDarkMode.swift in Sources */ = {isa = PBXBuildFile; fileRef = 8756833C240AF2AF00F36E9E /* LightAndDarkMode.swift */; };
		87568340240AF8F900F36E9E /* Extensions.swift in Sources */ = {isa = PBXBuildFile; fileRef = 8756833F240AF8F900F36E9E /* Extensions.swift */; };
		87568342240AFC5900F36E9E /* PhotoHorizontalController.swift in Sources */ = {isa = PBXBuildFile; fileRef = 87568341240AFC5900F36E9E /* PhotoHorizontalController.swift */; };
		87568344240B09CB00F36E9E /* PhotoRowCell.swift in Sources */ = {isa = PBXBuildFile; fileRef = 87568343240B09CB00F36E9E /* PhotoRowCell.swift */; };
		87568347240B155A00F36E9E /* Chapters.swift in Sources */ = {isa = PBXBuildFile; fileRef = 87568346240B155A00F36E9E /* Chapters.swift */; };
		87568349240B15D400F36E9E /* Artworks.swift in Sources */ = {isa = PBXBuildFile; fileRef = 87568348240B15D400F36E9E /* Artworks.swift */; };
		8756834B240B16A200F36E9E /* Animations.swift in Sources */ = {isa = PBXBuildFile; fileRef = 8756834A240B16A200F36E9E /* Animations.swift */; };
		8756834D240B16E900F36E9E /* Songs.swift in Sources */ = {isa = PBXBuildFile; fileRef = 8756834C240B16E900F36E9E /* Songs.swift */; };
		87568350240B17B300F36E9E /* CaptureNarcos.swift in Sources */ = {isa = PBXBuildFile; fileRef = 8756834F240B17B300F36E9E /* CaptureNarcos.swift */; };
		87568352240B323000F36E9E /* PhotoFullScreenController.swift in Sources */ = {isa = PBXBuildFile; fileRef = 87568351240B323000F36E9E /* PhotoFullScreenController.swift */; };
		87568354240B33AF00F36E9E /* PhotoFullScreenDescriptionCell.swift in Sources */ = {isa = PBXBuildFile; fileRef = 87568353240B33AE00F36E9E /* PhotoFullScreenDescriptionCell.swift */; };
		87568356240B34DA00F36E9E /* PhotoFullScreenHeader.swift in Sources */ = {isa = PBXBuildFile; fileRef = 87568355240B34DA00F36E9E /* PhotoFullScreenHeader.swift */; };
		8756835A240B453A00F36E9E /* VerticalStackView.swift in Sources */ = {isa = PBXBuildFile; fileRef = 87568359240B453A00F36E9E /* VerticalStackView.swift */; };
		8756835F240C1E0D00F36E9E /* HorizontalSnappingController.swift in Sources */ = {isa = PBXBuildFile; fileRef = 8756835E240C1E0D00F36E9E /* HorizontalSnappingController.swift */; };
		87568361240C1E7E00F36E9E /* BetterSnappingLayout.swift in Sources */ = {isa = PBXBuildFile; fileRef = 87568360240C1E7E00F36E9E /* BetterSnappingLayout.swift */; };
		87568364240C233300F36E9E /* CaptureNarcosRequest.swift in Sources */ = {isa = PBXBuildFile; fileRef = 87568363240C233300F36E9E /* CaptureNarcosRequest.swift */; };
		87568367240C27F500F36E9E /* Configuration.swift in Sources */ = {isa = PBXBuildFile; fileRef = 87568366240C27F500F36E9E /* Configuration.swift */; };
		8756836A240C2E8900F36E9E /* PhotoViewModel.swift in Sources */ = {isa = PBXBuildFile; fileRef = 87568369240C2E8900F36E9E /* PhotoViewModel.swift */; };
		8756836D240C6A0E00F36E9E /* art.scnassets in Resources */ = {isa = PBXBuildFile; fileRef = 8756836C240C6A0E00F36E9E /* art.scnassets */; };
/* End PBXBuildFile section */

/* Begin PBXContainerItemProxy section */
		6030FC8323FF0C7A007F0901 /* PBXContainerItemProxy */ = {
			isa = PBXContainerItemProxy;
			containerPortal = 6030FC6423FF0C79007F0901 /* Project object */;
			proxyType = 1;
			remoteGlobalIDString = 6030FC6B23FF0C79007F0901;
			remoteInfo = OnrampProject;
		};
		6030FC8E23FF0C7A007F0901 /* PBXContainerItemProxy */ = {
			isa = PBXContainerItemProxy;
			containerPortal = 6030FC6423FF0C79007F0901 /* Project object */;
			proxyType = 1;
			remoteGlobalIDString = 6030FC6B23FF0C79007F0901;
			remoteInfo = OnrampProject;
		};
/* End PBXContainerItemProxy section */

/* Begin PBXFileReference section */
		0C475A5CEFAD96E06A9C252A /* Pods-OnrampProject-OnrampProjectUITests.debug.xcconfig */ = {isa = PBXFileReference; includeInIndex = 1; lastKnownFileType = text.xcconfig; name = "Pods-OnrampProject-OnrampProjectUITests.debug.xcconfig"; path = "Target Support Files/Pods-OnrampProject-OnrampProjectUITests/Pods-OnrampProject-OnrampProjectUITests.debug.xcconfig"; sourceTree = "<group>"; };
		6030FC6C23FF0C79007F0901 /* OnrampProject.app */ = {isa = PBXFileReference; explicitFileType = wrapper.application; includeInIndex = 0; path = OnrampProject.app; sourceTree = BUILT_PRODUCTS_DIR; };
		6030FC6F23FF0C79007F0901 /* AppDelegate.swift */ = {isa = PBXFileReference; lastKnownFileType = sourcecode.swift; path = AppDelegate.swift; sourceTree = "<group>"; };
		6030FC7123FF0C79007F0901 /* SceneDelegate.swift */ = {isa = PBXFileReference; lastKnownFileType = sourcecode.swift; path = SceneDelegate.swift; sourceTree = "<group>"; };
		6030FC7323FF0C79007F0901 /* RootViewController.swift */ = {isa = PBXFileReference; lastKnownFileType = sourcecode.swift; path = RootViewController.swift; sourceTree = "<group>"; };
		6030FC7623FF0C79007F0901 /* Base */ = {isa = PBXFileReference; lastKnownFileType = file.storyboard; name = Base; path = Base.lproj/Main.storyboard; sourceTree = "<group>"; };
		6030FC7823FF0C7A007F0901 /* Assets.xcassets */ = {isa = PBXFileReference; lastKnownFileType = folder.assetcatalog; path = Assets.xcassets; sourceTree = "<group>"; };
		6030FC7B23FF0C7A007F0901 /* Base */ = {isa = PBXFileReference; lastKnownFileType = file.storyboard; name = Base; path = Base.lproj/LaunchScreen.storyboard; sourceTree = "<group>"; };
		6030FC7D23FF0C7A007F0901 /* Info.plist */ = {isa = PBXFileReference; lastKnownFileType = text.plist.xml; path = Info.plist; sourceTree = "<group>"; };
		6030FC8223FF0C7A007F0901 /* OnrampProjectTests.xctest */ = {isa = PBXFileReference; explicitFileType = wrapper.cfbundle; includeInIndex = 0; path = OnrampProjectTests.xctest; sourceTree = BUILT_PRODUCTS_DIR; };
		6030FC8623FF0C7A007F0901 /* OnrampProjectTests.swift */ = {isa = PBXFileReference; lastKnownFileType = sourcecode.swift; path = OnrampProjectTests.swift; sourceTree = "<group>"; };
		6030FC8823FF0C7A007F0901 /* Info.plist */ = {isa = PBXFileReference; lastKnownFileType = text.plist.xml; path = Info.plist; sourceTree = "<group>"; };
		6030FC8D23FF0C7A007F0901 /* OnrampProjectUITests.xctest */ = {isa = PBXFileReference; explicitFileType = wrapper.cfbundle; includeInIndex = 0; path = OnrampProjectUITests.xctest; sourceTree = BUILT_PRODUCTS_DIR; };
		6030FC9123FF0C7A007F0901 /* OnrampProjectUITests.swift */ = {isa = PBXFileReference; lastKnownFileType = sourcecode.swift; path = OnrampProjectUITests.swift; sourceTree = "<group>"; };
		6030FC9323FF0C7A007F0901 /* Info.plist */ = {isa = PBXFileReference; lastKnownFileType = text.plist.xml; path = Info.plist; sourceTree = "<group>"; };
		6DD4DE6F8CFFAA9F7E02A9C7 /* Pods-OnrampProject.release.xcconfig */ = {isa = PBXFileReference; includeInIndex = 1; lastKnownFileType = text.xcconfig; name = "Pods-OnrampProject.release.xcconfig"; path = "Target Support Files/Pods-OnrampProject/Pods-OnrampProject.release.xcconfig"; sourceTree = "<group>"; };
		8708DDCF240C94A500A09254 /* GalleryViewController.swift */ = {isa = PBXFileReference; lastKnownFileType = sourcecode.swift; path = GalleryViewController.swift; sourceTree = "<group>"; };
		8708DDD1240CA99700A09254 /* Plane.swift */ = {isa = PBXFileReference; lastKnownFileType = sourcecode.swift; path = Plane.swift; sourceTree = "<group>"; };
		8708DDD5240EBFC800A09254 /* CaptureNarcosData.swift */ = {isa = PBXFileReference; lastKnownFileType = sourcecode.swift; path = CaptureNarcosData.swift; sourceTree = "<group>"; };
		8708DDDA240EDC6200A09254 /* SettingsViewController.swift */ = {isa = PBXFileReference; lastKnownFileType = sourcecode.swift; path = SettingsViewController.swift; sourceTree = "<group>"; };
		8708DDDC240EDE2F00A09254 /* RegistrationViewController.swift */ = {isa = PBXFileReference; lastKnownFileType = sourcecode.swift; path = RegistrationViewController.swift; sourceTree = "<group>"; };
		8708DDDE240EDEE100A09254 /* LoginViewController.swift */ = {isa = PBXFileReference; lastKnownFileType = sourcecode.swift; path = LoginViewController.swift; sourceTree = "<group>"; };
		8708DDE0240F026D00A09254 /* CustomTextField.swift */ = {isa = PBXFileReference; lastKnownFileType = sourcecode.swift; path = CustomTextField.swift; sourceTree = "<group>"; };
		8708DDE4240F461800A09254 /* RegistrationView.swift */ = {isa = PBXFileReference; lastKnownFileType = sourcecode.swift; path = RegistrationView.swift; sourceTree = "<group>"; };
		8708DDE8240F7BD100A09254 /* RegistrationViewModel.swift */ = {isa = PBXFileReference; lastKnownFileType = sourcecode.swift; path = RegistrationViewModel.swift; sourceTree = "<group>"; };
		8708DDEC24101BCB00A09254 /* Bindable.swift */ = {isa = PBXFileReference; lastKnownFileType = sourcecode.swift; path = Bindable.swift; sourceTree = "<group>"; };
		8708DDF02410912000A09254 /* GoogleService-Info.plist */ = {isa = PBXFileReference; fileEncoding = 4; lastKnownFileType = text.plist.xml; path = "GoogleService-Info.plist"; sourceTree = "<group>"; };
		8708DDF2241096A100A09254 /* User.swift */ = {isa = PBXFileReference; lastKnownFileType = sourcecode.swift; path = User.swift; sourceTree = "<group>"; };
		87407CB5240A7E10000ADF81 /* UIView+Layout.swift */ = {isa = PBXFileReference; fileEncoding = 4; lastKnownFileType = sourcecode.swift; path = "UIView+Layout.swift"; sourceTree = "<group>"; };
		87407CB8240A7EF5000ADF81 /* PhotoGalleryController.swift */ = {isa = PBXFileReference; lastKnownFileType = sourcecode.swift; path = PhotoGalleryController.swift; sourceTree = "<group>"; };
		87407CBB240A7FDE000ADF81 /* BaseCollectionViewController.swift */ = {isa = PBXFileReference; lastKnownFileType = sourcecode.swift; path = BaseCollectionViewController.swift; sourceTree = "<group>"; };
		8754B680241172E6000B9FC1 /* SettingsCell.swift */ = {isa = PBXFileReference; lastKnownFileType = sourcecode.swift; path = SettingsCell.swift; sourceTree = "<group>"; };
		8754B6822411CDD9000B9FC1 /* NotifyMeCell.swift */ = {isa = PBXFileReference; lastKnownFileType = sourcecode.swift; path = NotifyMeCell.swift; sourceTree = "<group>"; };
		8754B685241207E6000B9FC1 /* LoginViewModel.swift */ = {isa = PBXFileReference; lastKnownFileType = sourcecode.swift; path = LoginViewModel.swift; sourceTree = "<group>"; };
		8754B6882412080C000B9FC1 /* LoginView.swift */ = {isa = PBXFileReference; lastKnownFileType = sourcecode.swift; path = LoginView.swift; sourceTree = "<group>"; };
		8756833A240AF1A800F36E9E /* PhotoGalleryCell.swift */ = {isa = PBXFileReference; lastKnownFileType = sourcecode.swift; path = PhotoGalleryCell.swift; sourceTree = "<group>"; };
		8756833C240AF2AF00F36E9E /* LightAndDarkMode.swift */ = {isa = PBXFileReference; lastKnownFileType = sourcecode.swift; path = LightAndDarkMode.swift; sourceTree = "<group>"; };
		8756833F240AF8F900F36E9E /* Extensions.swift */ = {isa = PBXFileReference; lastKnownFileType = sourcecode.swift; path = Extensions.swift; sourceTree = "<group>"; };
		87568341240AFC5900F36E9E /* PhotoHorizontalController.swift */ = {isa = PBXFileReference; lastKnownFileType = sourcecode.swift; path = PhotoHorizontalController.swift; sourceTree = "<group>"; };
		87568343240B09CB00F36E9E /* PhotoRowCell.swift */ = {isa = PBXFileReference; lastKnownFileType = sourcecode.swift; path = PhotoRowCell.swift; sourceTree = "<group>"; };
		87568346240B155A00F36E9E /* Chapters.swift */ = {isa = PBXFileReference; lastKnownFileType = sourcecode.swift; path = Chapters.swift; sourceTree = "<group>"; };
		87568348240B15D400F36E9E /* Artworks.swift */ = {isa = PBXFileReference; lastKnownFileType = sourcecode.swift; path = Artworks.swift; sourceTree = "<group>"; };
		8756834A240B16A200F36E9E /* Animations.swift */ = {isa = PBXFileReference; lastKnownFileType = sourcecode.swift; path = Animations.swift; sourceTree = "<group>"; };
		8756834C240B16E900F36E9E /* Songs.swift */ = {isa = PBXFileReference; lastKnownFileType = sourcecode.swift; path = Songs.swift; sourceTree = "<group>"; };
		8756834F240B17B300F36E9E /* CaptureNarcos.swift */ = {isa = PBXFileReference; lastKnownFileType = sourcecode.swift; path = CaptureNarcos.swift; sourceTree = "<group>"; };
		87568351240B323000F36E9E /* PhotoFullScreenController.swift */ = {isa = PBXFileReference; lastKnownFileType = sourcecode.swift; path = PhotoFullScreenController.swift; sourceTree = "<group>"; };
		87568353240B33AE00F36E9E /* PhotoFullScreenDescriptionCell.swift */ = {isa = PBXFileReference; lastKnownFileType = sourcecode.swift; path = PhotoFullScreenDescriptionCell.swift; sourceTree = "<group>"; };
		87568355240B34DA00F36E9E /* PhotoFullScreenHeader.swift */ = {isa = PBXFileReference; lastKnownFileType = sourcecode.swift; path = PhotoFullScreenHeader.swift; sourceTree = "<group>"; };
		87568359240B453A00F36E9E /* VerticalStackView.swift */ = {isa = PBXFileReference; lastKnownFileType = sourcecode.swift; path = VerticalStackView.swift; sourceTree = "<group>"; };
		8756835E240C1E0D00F36E9E /* HorizontalSnappingController.swift */ = {isa = PBXFileReference; lastKnownFileType = sourcecode.swift; path = HorizontalSnappingController.swift; sourceTree = "<group>"; };
		87568360240C1E7E00F36E9E /* BetterSnappingLayout.swift */ = {isa = PBXFileReference; lastKnownFileType = sourcecode.swift; path = BetterSnappingLayout.swift; sourceTree = "<group>"; };
		87568363240C233300F36E9E /* CaptureNarcosRequest.swift */ = {isa = PBXFileReference; lastKnownFileType = sourcecode.swift; path = CaptureNarcosRequest.swift; sourceTree = "<group>"; };
		87568366240C27F500F36E9E /* Configuration.swift */ = {isa = PBXFileReference; lastKnownFileType = sourcecode.swift; path = Configuration.swift; sourceTree = "<group>"; };
		87568369240C2E8900F36E9E /* PhotoViewModel.swift */ = {isa = PBXFileReference; lastKnownFileType = sourcecode.swift; path = PhotoViewModel.swift; sourceTree = "<group>"; };
		8756836C240C6A0E00F36E9E /* art.scnassets */ = {isa = PBXFileReference; lastKnownFileType = wrapper.scnassets; path = art.scnassets; sourceTree = "<group>"; };
		8E44361E8B62B28FC3F67396 /* Pods_OnrampProject.framework */ = {isa = PBXFileReference; explicitFileType = wrapper.framework; includeInIndex = 0; path = Pods_OnrampProject.framework; sourceTree = BUILT_PRODUCTS_DIR; };
		95DBD5FECBC232F568B49BD4 /* Pods-OnrampProject-OnrampProjectUITests.release.xcconfig */ = {isa = PBXFileReference; includeInIndex = 1; lastKnownFileType = text.xcconfig; name = "Pods-OnrampProject-OnrampProjectUITests.release.xcconfig"; path = "Target Support Files/Pods-OnrampProject-OnrampProjectUITests/Pods-OnrampProject-OnrampProjectUITests.release.xcconfig"; sourceTree = "<group>"; };
		9EEE961888E737135AD3011B /* Pods-OnrampProjectTests.release.xcconfig */ = {isa = PBXFileReference; includeInIndex = 1; lastKnownFileType = text.xcconfig; name = "Pods-OnrampProjectTests.release.xcconfig"; path = "Target Support Files/Pods-OnrampProjectTests/Pods-OnrampProjectTests.release.xcconfig"; sourceTree = "<group>"; };
		AA25D13C99BA96C16D12BB19 /* Pods_OnrampProject_OnrampProjectUITests.framework */ = {isa = PBXFileReference; explicitFileType = wrapper.framework; includeInIndex = 0; path = Pods_OnrampProject_OnrampProjectUITests.framework; sourceTree = BUILT_PRODUCTS_DIR; };
		B98C2319281B2E58F3A1DBE8 /* Pods-OnrampProject.debug.xcconfig */ = {isa = PBXFileReference; includeInIndex = 1; lastKnownFileType = text.xcconfig; name = "Pods-OnrampProject.debug.xcconfig"; path = "Target Support Files/Pods-OnrampProject/Pods-OnrampProject.debug.xcconfig"; sourceTree = "<group>"; };
		D2E1FA3D8C6C1AB29AD2E808 /* Pods-OnrampProjectTests.debug.xcconfig */ = {isa = PBXFileReference; includeInIndex = 1; lastKnownFileType = text.xcconfig; name = "Pods-OnrampProjectTests.debug.xcconfig"; path = "Target Support Files/Pods-OnrampProjectTests/Pods-OnrampProjectTests.debug.xcconfig"; sourceTree = "<group>"; };
		D7C95B666C04B4C7F8357877 /* Pods_OnrampProjectTests.framework */ = {isa = PBXFileReference; explicitFileType = wrapper.framework; includeInIndex = 0; path = Pods_OnrampProjectTests.framework; sourceTree = BUILT_PRODUCTS_DIR; };
/* End PBXFileReference section */

/* Begin PBXFrameworksBuildPhase section */
		6030FC6923FF0C79007F0901 /* Frameworks */ = {
			isa = PBXFrameworksBuildPhase;
			buildActionMask = 2147483647;
			files = (
				72EE0D2E0B6C54881D308248 /* Pods_OnrampProject.framework in Frameworks */,
			);
			runOnlyForDeploymentPostprocessing = 0;
		};
		6030FC7F23FF0C7A007F0901 /* Frameworks */ = {
			isa = PBXFrameworksBuildPhase;
			buildActionMask = 2147483647;
			files = (
				5049BE9DD04C95B29F4BB9C3 /* Pods_OnrampProjectTests.framework in Frameworks */,
			);
			runOnlyForDeploymentPostprocessing = 0;
		};
		6030FC8A23FF0C7A007F0901 /* Frameworks */ = {
			isa = PBXFrameworksBuildPhase;
			buildActionMask = 2147483647;
			files = (
				2D1A578723F06F1F1A26BF54 /* Pods_OnrampProject_OnrampProjectUITests.framework in Frameworks */,
			);
			runOnlyForDeploymentPostprocessing = 0;
		};
/* End PBXFrameworksBuildPhase section */

/* Begin PBXGroup section */
		272CD854F28AF35A8BF3DDC5 /* Pods */ = {
			isa = PBXGroup;
			children = (
				B98C2319281B2E58F3A1DBE8 /* Pods-OnrampProject.debug.xcconfig */,
				6DD4DE6F8CFFAA9F7E02A9C7 /* Pods-OnrampProject.release.xcconfig */,
				0C475A5CEFAD96E06A9C252A /* Pods-OnrampProject-OnrampProjectUITests.debug.xcconfig */,
				95DBD5FECBC232F568B49BD4 /* Pods-OnrampProject-OnrampProjectUITests.release.xcconfig */,
				D2E1FA3D8C6C1AB29AD2E808 /* Pods-OnrampProjectTests.debug.xcconfig */,
				9EEE961888E737135AD3011B /* Pods-OnrampProjectTests.release.xcconfig */,
			);
			path = Pods;
			sourceTree = "<group>";
		};
		6030FC6323FF0C79007F0901 = {
			isa = PBXGroup;
			children = (
				6030FC6E23FF0C79007F0901 /* OnrampProject */,
				6030FC8523FF0C7A007F0901 /* OnrampProjectTests */,
				6030FC9023FF0C7A007F0901 /* OnrampProjectUITests */,
				6030FC6D23FF0C79007F0901 /* Products */,
				272CD854F28AF35A8BF3DDC5 /* Pods */,
				B06F641C18E97FD9030C5644 /* Frameworks */,
			);
			sourceTree = "<group>";
		};
		6030FC6D23FF0C79007F0901 /* Products */ = {
			isa = PBXGroup;
			children = (
				6030FC6C23FF0C79007F0901 /* OnrampProject.app */,
				6030FC8223FF0C7A007F0901 /* OnrampProjectTests.xctest */,
				6030FC8D23FF0C7A007F0901 /* OnrampProjectUITests.xctest */,
			);
			name = Products;
			sourceTree = "<group>";
		};
		6030FC6E23FF0C79007F0901 /* OnrampProject */ = {
			isa = PBXGroup;
			children = (
				8708DDD4240EBF9200A09254 /* Protocols */,
				87568368240C2E3400F36E9E /* View Model */,
				87568365240C27D200F36E9E /* Configuration */,
				8756834E240B179E00F36E9E /* Service */,
				87568345240B151D00F36E9E /* Model */,
				87568339240AF17A00F36E9E /* Views */,
				87407CB4240A7D92000ADF81 /* Helpers */,
				87407CB3240A6CE4000ADF81 /* Supporting Files */,
				87407CB2240A6C89000ADF81 /* Resources */,
				87407CB1240A6C10000ADF81 /* Storyboards */,
				87407CAE240A6916000ADF81 /* Application+Scene Delegate */,
				87407CAF240A6A40000ADF81 /* Controllers */,
			);
			path = OnrampProject;
			sourceTree = "<group>";
		};
		6030FC8523FF0C7A007F0901 /* OnrampProjectTests */ = {
			isa = PBXGroup;
			children = (
				6030FC8623FF0C7A007F0901 /* OnrampProjectTests.swift */,
				6030FC8823FF0C7A007F0901 /* Info.plist */,
			);
			path = OnrampProjectTests;
			sourceTree = "<group>";
		};
		6030FC9023FF0C7A007F0901 /* OnrampProjectUITests */ = {
			isa = PBXGroup;
			children = (
				6030FC9123FF0C7A007F0901 /* OnrampProjectUITests.swift */,
				6030FC9323FF0C7A007F0901 /* Info.plist */,
			);
			path = OnrampProjectUITests;
			sourceTree = "<group>";
		};
		8708DDCE240C943000A09254 /* AR Gallery */ = {
			isa = PBXGroup;
			children = (
				8708DDD1240CA99700A09254 /* Plane.swift */,
				8708DDCF240C94A500A09254 /* GalleryViewController.swift */,
			);
			path = "AR Gallery";
			sourceTree = "<group>";
		};
		8708DDD4240EBF9200A09254 /* Protocols */ = {
			isa = PBXGroup;
			children = (
				8708DDD5240EBFC800A09254 /* CaptureNarcosData.swift */,
			);
			path = Protocols;
			sourceTree = "<group>";
		};
		8708DDD7240EDA4C00A09254 /* Settings */ = {
			isa = PBXGroup;
			children = (
				8708DDD9240EDC1E00A09254 /* Register */,
				8708DDD8240EDC1400A09254 /* Login */,
				8708DDDA240EDC6200A09254 /* SettingsViewController.swift */,
			);
			path = Settings;
			sourceTree = "<group>";
		};
		8708DDD8240EDC1400A09254 /* Login */ = {
			isa = PBXGroup;
			children = (
				8708DDDE240EDEE100A09254 /* LoginViewController.swift */,
			);
			path = Login;
			sourceTree = "<group>";
		};
		8708DDD9240EDC1E00A09254 /* Register */ = {
			isa = PBXGroup;
			children = (
				8708DDDC240EDE2F00A09254 /* RegistrationViewController.swift */,
				8708DDE0240F026D00A09254 /* CustomTextField.swift */,
			);
			path = Register;
			sourceTree = "<group>";
		};
		8708DDE2240F45CE00A09254 /* Settings */ = {
			isa = PBXGroup;
			children = (
				8754B687241207F3000B9FC1 /* Login */,
				8708DDE3240F45E400A09254 /* Register */,
				8754B680241172E6000B9FC1 /* SettingsCell.swift */,
				8754B6822411CDD9000B9FC1 /* NotifyMeCell.swift */,
			);
			path = Settings;
			sourceTree = "<group>";
		};
		8708DDE3240F45E400A09254 /* Register */ = {
			isa = PBXGroup;
			children = (
				8708DDE4240F461800A09254 /* RegistrationView.swift */,
			);
			path = Register;
			sourceTree = "<group>";
		};
		8708DDE6240F7B9400A09254 /* Settings */ = {
			isa = PBXGroup;
			children = (
				8754B684241207CD000B9FC1 /* Login */,
				8708DDE7240F7BA500A09254 /* Register */,
			);
			path = Settings;
			sourceTree = "<group>";
		};
		8708DDE7240F7BA500A09254 /* Register */ = {
			isa = PBXGroup;
			children = (
				8708DDE8240F7BD100A09254 /* RegistrationViewModel.swift */,
			);
			path = Register;
			sourceTree = "<group>";
		};
		87407CAE240A6916000ADF81 /* Application+Scene Delegate */ = {
			isa = PBXGroup;
			children = (
				6030FC6F23FF0C79007F0901 /* AppDelegate.swift */,
				6030FC7123FF0C79007F0901 /* SceneDelegate.swift */,
			);
			path = "Application+Scene Delegate";
			sourceTree = "<group>";
		};
		87407CAF240A6A40000ADF81 /* Controllers */ = {
			isa = PBXGroup;
			children = (
				8708DDD7240EDA4C00A09254 /* Settings */,
				8708DDCE240C943000A09254 /* AR Gallery */,
				87568362240C221800F36E9E /* Horizontal Snapping */,
				87407CBA240A7F9D000ADF81 /* Base Collection View  */,
				87407CB7240A7EB7000ADF81 /* Photo Gallery Controller */,
				87407CB0240A6A5C000ADF81 /* Root View Controller */,
			);
			path = Controllers;
			sourceTree = "<group>";
		};
		87407CB0240A6A5C000ADF81 /* Root View Controller */ = {
			isa = PBXGroup;
			children = (
				6030FC7323FF0C79007F0901 /* RootViewController.swift */,
			);
			path = "Root View Controller";
			sourceTree = "<group>";
		};
		87407CB1240A6C10000ADF81 /* Storyboards */ = {
			isa = PBXGroup;
			children = (
				6030FC7523FF0C79007F0901 /* Main.storyboard */,
				6030FC7A23FF0C7A007F0901 /* LaunchScreen.storyboard */,
			);
			path = Storyboards;
			sourceTree = "<group>";
		};
		87407CB2240A6C89000ADF81 /* Resources */ = {
			isa = PBXGroup;
			children = (
				6030FC7823FF0C7A007F0901 /* Assets.xcassets */,
				8756836C240C6A0E00F36E9E /* art.scnassets */,
			);
			path = Resources;
			sourceTree = "<group>";
		};
		87407CB3240A6CE4000ADF81 /* Supporting Files */ = {
			isa = PBXGroup;
			children = (
				8708DDF02410912000A09254 /* GoogleService-Info.plist */,
				6030FC7D23FF0C7A007F0901 /* Info.plist */,
			);
			path = "Supporting Files";
			sourceTree = "<group>";
		};
		87407CB4240A7D92000ADF81 /* Helpers */ = {
			isa = PBXGroup;
			children = (
				87407CB5240A7E10000ADF81 /* UIView+Layout.swift */,
				8756833C240AF2AF00F36E9E /* LightAndDarkMode.swift */,
				8756833F240AF8F900F36E9E /* Extensions.swift */,
				87568359240B453A00F36E9E /* VerticalStackView.swift */,
				87568360240C1E7E00F36E9E /* BetterSnappingLayout.swift */,
				8708DDEC24101BCB00A09254 /* Bindable.swift */,
			);
			path = Helpers;
			sourceTree = "<group>";
		};
		87407CB7240A7EB7000ADF81 /* Photo Gallery Controller */ = {
			isa = PBXGroup;
			children = (
				87407CB8240A7EF5000ADF81 /* PhotoGalleryController.swift */,
				87568341240AFC5900F36E9E /* PhotoHorizontalController.swift */,
				87568351240B323000F36E9E /* PhotoFullScreenController.swift */,
			);
			path = "Photo Gallery Controller";
			sourceTree = "<group>";
		};
		87407CBA240A7F9D000ADF81 /* Base Collection View  */ = {
			isa = PBXGroup;
			children = (
				87407CBB240A7FDE000ADF81 /* BaseCollectionViewController.swift */,
			);
			path = "Base Collection View ";
			sourceTree = "<group>";
		};
		8754B684241207CD000B9FC1 /* Login */ = {
			isa = PBXGroup;
			children = (
				8754B685241207E6000B9FC1 /* LoginViewModel.swift */,
			);
			path = Login;
			sourceTree = "<group>";
		};
		8754B687241207F3000B9FC1 /* Login */ = {
			isa = PBXGroup;
			children = (
				8754B6882412080C000B9FC1 /* LoginView.swift */,
			);
			path = Login;
			sourceTree = "<group>";
		};
		87568339240AF17A00F36E9E /* Views */ = {
			isa = PBXGroup;
			children = (
				8708DDE2240F45CE00A09254 /* Settings */,
				8756833E240AF6D900F36E9E /* Photo Gallery */,
			);
			path = Views;
			sourceTree = "<group>";
		};
		8756833E240AF6D900F36E9E /* Photo Gallery */ = {
			isa = PBXGroup;
			children = (
				8756833A240AF1A800F36E9E /* PhotoGalleryCell.swift */,
				87568343240B09CB00F36E9E /* PhotoRowCell.swift */,
				87568353240B33AE00F36E9E /* PhotoFullScreenDescriptionCell.swift */,
				87568355240B34DA00F36E9E /* PhotoFullScreenHeader.swift */,
			);
			path = "Photo Gallery";
			sourceTree = "<group>";
		};
		87568345240B151D00F36E9E /* Model */ = {
			isa = PBXGroup;
			children = (
				87568346240B155A00F36E9E /* Chapters.swift */,
				87568348240B15D400F36E9E /* Artworks.swift */,
				8756834A240B16A200F36E9E /* Animations.swift */,
				8756834C240B16E900F36E9E /* Songs.swift */,
				87568363240C233300F36E9E /* CaptureNarcosRequest.swift */,
				8708DDF2241096A100A09254 /* User.swift */,
			);
			path = Model;
			sourceTree = "<group>";
		};
		8756834E240B179E00F36E9E /* Service */ = {
			isa = PBXGroup;
			children = (
				8756834F240B17B300F36E9E /* CaptureNarcos.swift */,
			);
			path = Service;
			sourceTree = "<group>";
		};
		87568362240C221800F36E9E /* Horizontal Snapping */ = {
			isa = PBXGroup;
			children = (
				8756835E240C1E0D00F36E9E /* HorizontalSnappingController.swift */,
			);
			path = "Horizontal Snapping";
			sourceTree = "<group>";
		};
		87568365240C27D200F36E9E /* Configuration */ = {
			isa = PBXGroup;
			children = (
				87568366240C27F500F36E9E /* Configuration.swift */,
			);
			path = Configuration;
			sourceTree = "<group>";
		};
		87568368240C2E3400F36E9E /* View Model */ = {
			isa = PBXGroup;
			children = (
				8708DDE6240F7B9400A09254 /* Settings */,
				87568369240C2E8900F36E9E /* PhotoViewModel.swift */,
			);
			path = "View Model";
			sourceTree = "<group>";
		};
		B06F641C18E97FD9030C5644 /* Frameworks */ = {
			isa = PBXGroup;
			children = (
				8E44361E8B62B28FC3F67396 /* Pods_OnrampProject.framework */,
				AA25D13C99BA96C16D12BB19 /* Pods_OnrampProject_OnrampProjectUITests.framework */,
				D7C95B666C04B4C7F8357877 /* Pods_OnrampProjectTests.framework */,
			);
			name = Frameworks;
			sourceTree = "<group>";
		};
/* End PBXGroup section */

/* Begin PBXNativeTarget section */
		6030FC6B23FF0C79007F0901 /* OnrampProject */ = {
			isa = PBXNativeTarget;
			buildConfigurationList = 6030FC9623FF0C7A007F0901 /* Build configuration list for PBXNativeTarget "OnrampProject" */;
			buildPhases = (
				D6FC8E327EA7B4BA65F1F4A6 /* [CP] Check Pods Manifest.lock */,
				6030FC6823FF0C79007F0901 /* Sources */,
				6030FC6923FF0C79007F0901 /* Frameworks */,
				6030FC6A23FF0C79007F0901 /* Resources */,
				D31FF8FCE1F0F191CA92DCEA /* [CP] Embed Pods Frameworks */,
			);
			buildRules = (
			);
			dependencies = (
			);
			name = OnrampProject;
			productName = OnrampProject;
			productReference = 6030FC6C23FF0C79007F0901 /* OnrampProject.app */;
			productType = "com.apple.product-type.application";
		};
		6030FC8123FF0C7A007F0901 /* OnrampProjectTests */ = {
			isa = PBXNativeTarget;
			buildConfigurationList = 6030FC9923FF0C7A007F0901 /* Build configuration list for PBXNativeTarget "OnrampProjectTests" */;
			buildPhases = (
				E285AE505187282CD9F9D290 /* [CP] Check Pods Manifest.lock */,
				6030FC7E23FF0C7A007F0901 /* Sources */,
				6030FC7F23FF0C7A007F0901 /* Frameworks */,
				6030FC8023FF0C7A007F0901 /* Resources */,
			);
			buildRules = (
			);
			dependencies = (
				6030FC8423FF0C7A007F0901 /* PBXTargetDependency */,
			);
			name = OnrampProjectTests;
			productName = OnrampProjectTests;
			productReference = 6030FC8223FF0C7A007F0901 /* OnrampProjectTests.xctest */;
			productType = "com.apple.product-type.bundle.unit-test";
		};
		6030FC8C23FF0C7A007F0901 /* OnrampProjectUITests */ = {
			isa = PBXNativeTarget;
			buildConfigurationList = 6030FC9C23FF0C7A007F0901 /* Build configuration list for PBXNativeTarget "OnrampProjectUITests" */;
			buildPhases = (
				584B53C7AB82494CD323337F /* [CP] Check Pods Manifest.lock */,
				6030FC8923FF0C7A007F0901 /* Sources */,
				6030FC8A23FF0C7A007F0901 /* Frameworks */,
				6030FC8B23FF0C7A007F0901 /* Resources */,
				0919DE15E96ABE5CF0BBC3A9 /* [CP] Embed Pods Frameworks */,
			);
			buildRules = (
			);
			dependencies = (
				6030FC8F23FF0C7A007F0901 /* PBXTargetDependency */,
			);
			name = OnrampProjectUITests;
			productName = OnrampProjectUITests;
			productReference = 6030FC8D23FF0C7A007F0901 /* OnrampProjectUITests.xctest */;
			productType = "com.apple.product-type.bundle.ui-testing";
		};
/* End PBXNativeTarget section */

/* Begin PBXProject section */
		6030FC6423FF0C79007F0901 /* Project object */ = {
			isa = PBXProject;
			attributes = {
				LastSwiftUpdateCheck = 1130;
				LastUpgradeCheck = 1130;
				TargetAttributes = {
					6030FC6B23FF0C79007F0901 = {
						CreatedOnToolsVersion = 11.3.1;
					};
					6030FC8123FF0C7A007F0901 = {
						CreatedOnToolsVersion = 11.3.1;
						TestTargetID = 6030FC6B23FF0C79007F0901;
					};
					6030FC8C23FF0C7A007F0901 = {
						CreatedOnToolsVersion = 11.3.1;
						TestTargetID = 6030FC6B23FF0C79007F0901;
					};
				};
			};
			buildConfigurationList = 6030FC6723FF0C79007F0901 /* Build configuration list for PBXProject "OnrampProject" */;
			compatibilityVersion = "Xcode 9.3";
			developmentRegion = en;
			hasScannedForEncodings = 0;
			knownRegions = (
				en,
				Base,
			);
			mainGroup = 6030FC6323FF0C79007F0901;
			productRefGroup = 6030FC6D23FF0C79007F0901 /* Products */;
			projectDirPath = "";
			projectRoot = "";
			targets = (
				6030FC6B23FF0C79007F0901 /* OnrampProject */,
				6030FC8123FF0C7A007F0901 /* OnrampProjectTests */,
				6030FC8C23FF0C7A007F0901 /* OnrampProjectUITests */,
			);
		};
/* End PBXProject section */

/* Begin PBXResourcesBuildPhase section */
		6030FC6A23FF0C79007F0901 /* Resources */ = {
			isa = PBXResourcesBuildPhase;
			buildActionMask = 2147483647;
			files = (
				6030FC7C23FF0C7A007F0901 /* LaunchScreen.storyboard in Resources */,
				8756836D240C6A0E00F36E9E /* art.scnassets in Resources */,
				6030FC7923FF0C7A007F0901 /* Assets.xcassets in Resources */,
				6030FC7723FF0C79007F0901 /* Main.storyboard in Resources */,
				8708DDF12410912000A09254 /* GoogleService-Info.plist in Resources */,
			);
			runOnlyForDeploymentPostprocessing = 0;
		};
		6030FC8023FF0C7A007F0901 /* Resources */ = {
			isa = PBXResourcesBuildPhase;
			buildActionMask = 2147483647;
			files = (
			);
			runOnlyForDeploymentPostprocessing = 0;
		};
		6030FC8B23FF0C7A007F0901 /* Resources */ = {
			isa = PBXResourcesBuildPhase;
			buildActionMask = 2147483647;
			files = (
			);
			runOnlyForDeploymentPostprocessing = 0;
		};
/* End PBXResourcesBuildPhase section */

/* Begin PBXShellScriptBuildPhase section */
		0919DE15E96ABE5CF0BBC3A9 /* [CP] Embed Pods Frameworks */ = {
			isa = PBXShellScriptBuildPhase;
			buildActionMask = 2147483647;
			files = (
			);
			inputFileListPaths = (
				"${PODS_ROOT}/Target Support Files/Pods-OnrampProject-OnrampProjectUITests/Pods-OnrampProject-OnrampProjectUITests-frameworks-${CONFIGURATION}-input-files.xcfilelist",
			);
			name = "[CP] Embed Pods Frameworks";
			outputFileListPaths = (
				"${PODS_ROOT}/Target Support Files/Pods-OnrampProject-OnrampProjectUITests/Pods-OnrampProject-OnrampProjectUITests-frameworks-${CONFIGURATION}-output-files.xcfilelist",
			);
			runOnlyForDeploymentPostprocessing = 0;
			shellPath = /bin/sh;
			shellScript = "\"${PODS_ROOT}/Target Support Files/Pods-OnrampProject-OnrampProjectUITests/Pods-OnrampProject-OnrampProjectUITests-frameworks.sh\"\n";
			showEnvVarsInLog = 0;
		};
		584B53C7AB82494CD323337F /* [CP] Check Pods Manifest.lock */ = {
			isa = PBXShellScriptBuildPhase;
			buildActionMask = 2147483647;
			files = (
			);
			inputFileListPaths = (
			);
			inputPaths = (
				"${PODS_PODFILE_DIR_PATH}/Podfile.lock",
				"${PODS_ROOT}/Manifest.lock",
			);
			name = "[CP] Check Pods Manifest.lock";
			outputFileListPaths = (
			);
			outputPaths = (
				"$(DERIVED_FILE_DIR)/Pods-OnrampProject-OnrampProjectUITests-checkManifestLockResult.txt",
			);
			runOnlyForDeploymentPostprocessing = 0;
			shellPath = /bin/sh;
			shellScript = "diff \"${PODS_PODFILE_DIR_PATH}/Podfile.lock\" \"${PODS_ROOT}/Manifest.lock\" > /dev/null\nif [ $? != 0 ] ; then\n    # print error to STDERR\n    echo \"error: The sandbox is not in sync with the Podfile.lock. Run 'pod install' or update your CocoaPods installation.\" >&2\n    exit 1\nfi\n# This output is used by Xcode 'outputs' to avoid re-running this script phase.\necho \"SUCCESS\" > \"${SCRIPT_OUTPUT_FILE_0}\"\n";
			showEnvVarsInLog = 0;
		};
		D31FF8FCE1F0F191CA92DCEA /* [CP] Embed Pods Frameworks */ = {
			isa = PBXShellScriptBuildPhase;
			buildActionMask = 2147483647;
			files = (
			);
			inputFileListPaths = (
				"${PODS_ROOT}/Target Support Files/Pods-OnrampProject/Pods-OnrampProject-frameworks-${CONFIGURATION}-input-files.xcfilelist",
			);
			name = "[CP] Embed Pods Frameworks";
			outputFileListPaths = (
				"${PODS_ROOT}/Target Support Files/Pods-OnrampProject/Pods-OnrampProject-frameworks-${CONFIGURATION}-output-files.xcfilelist",
			);
			runOnlyForDeploymentPostprocessing = 0;
			shellPath = /bin/sh;
			shellScript = "\"${PODS_ROOT}/Target Support Files/Pods-OnrampProject/Pods-OnrampProject-frameworks.sh\"\n";
			showEnvVarsInLog = 0;
		};
		D6FC8E327EA7B4BA65F1F4A6 /* [CP] Check Pods Manifest.lock */ = {
			isa = PBXShellScriptBuildPhase;
			buildActionMask = 2147483647;
			files = (
			);
			inputFileListPaths = (
			);
			inputPaths = (
				"${PODS_PODFILE_DIR_PATH}/Podfile.lock",
				"${PODS_ROOT}/Manifest.lock",
			);
			name = "[CP] Check Pods Manifest.lock";
			outputFileListPaths = (
			);
			outputPaths = (
				"$(DERIVED_FILE_DIR)/Pods-OnrampProject-checkManifestLockResult.txt",
			);
			runOnlyForDeploymentPostprocessing = 0;
			shellPath = /bin/sh;
			shellScript = "diff \"${PODS_PODFILE_DIR_PATH}/Podfile.lock\" \"${PODS_ROOT}/Manifest.lock\" > /dev/null\nif [ $? != 0 ] ; then\n    # print error to STDERR\n    echo \"error: The sandbox is not in sync with the Podfile.lock. Run 'pod install' or update your CocoaPods installation.\" >&2\n    exit 1\nfi\n# This output is used by Xcode 'outputs' to avoid re-running this script phase.\necho \"SUCCESS\" > \"${SCRIPT_OUTPUT_FILE_0}\"\n";
			showEnvVarsInLog = 0;
		};
		E285AE505187282CD9F9D290 /* [CP] Check Pods Manifest.lock */ = {
			isa = PBXShellScriptBuildPhase;
			buildActionMask = 2147483647;
			files = (
			);
			inputFileListPaths = (
			);
			inputPaths = (
				"${PODS_PODFILE_DIR_PATH}/Podfile.lock",
				"${PODS_ROOT}/Manifest.lock",
			);
			name = "[CP] Check Pods Manifest.lock";
			outputFileListPaths = (
			);
			outputPaths = (
				"$(DERIVED_FILE_DIR)/Pods-OnrampProjectTests-checkManifestLockResult.txt",
			);
			runOnlyForDeploymentPostprocessing = 0;
			shellPath = /bin/sh;
			shellScript = "diff \"${PODS_PODFILE_DIR_PATH}/Podfile.lock\" \"${PODS_ROOT}/Manifest.lock\" > /dev/null\nif [ $? != 0 ] ; then\n    # print error to STDERR\n    echo \"error: The sandbox is not in sync with the Podfile.lock. Run 'pod install' or update your CocoaPods installation.\" >&2\n    exit 1\nfi\n# This output is used by Xcode 'outputs' to avoid re-running this script phase.\necho \"SUCCESS\" > \"${SCRIPT_OUTPUT_FILE_0}\"\n";
			showEnvVarsInLog = 0;
		};
/* End PBXShellScriptBuildPhase section */

/* Begin PBXSourcesBuildPhase section */
		6030FC6823FF0C79007F0901 /* Sources */ = {
			isa = PBXSourcesBuildPhase;
			buildActionMask = 2147483647;
			files = (
				8708DDE5240F461800A09254 /* RegistrationView.swift in Sources */,
				8708DDE9240F7BD200A09254 /* RegistrationViewModel.swift in Sources */,
				87568364240C233300F36E9E /* CaptureNarcosRequest.swift in Sources */,
				8708DDD2240CA99700A09254 /* Plane.swift in Sources */,
				8754B681241172E6000B9FC1 /* SettingsCell.swift in Sources */,
				8756834D240B16E900F36E9E /* Songs.swift in Sources */,
				87568361240C1E7E00F36E9E /* BetterSnappingLayout.swift in Sources */,
				8756833B240AF1A800F36E9E /* PhotoGalleryCell.swift in Sources */,
				8754B686241207E6000B9FC1 /* LoginViewModel.swift in Sources */,
				8756836A240C2E8900F36E9E /* PhotoViewModel.swift in Sources */,
				8708DDD0240C94A500A09254 /* GalleryViewController.swift in Sources */,
				87568340240AF8F900F36E9E /* Extensions.swift in Sources */,
				87568356240B34DA00F36E9E /* PhotoFullScreenHeader.swift in Sources */,
				87568367240C27F500F36E9E /* Configuration.swift in Sources */,
				8708DDD6240EBFC800A09254 /* CaptureNarcosData.swift in Sources */,
				87568352240B323000F36E9E /* PhotoFullScreenController.swift in Sources */,
				87407CB6240A7E10000ADF81 /* UIView+Layout.swift in Sources */,
				8708DDED24101BCB00A09254 /* Bindable.swift in Sources */,
				8708DDDF240EDEE100A09254 /* LoginViewController.swift in Sources */,
				6030FC7423FF0C79007F0901 /* RootViewController.swift in Sources */,
				8756833D240AF2AF00F36E9E /* LightAndDarkMode.swift in Sources */,
				6030FC7023FF0C79007F0901 /* AppDelegate.swift in Sources */,
				8756835A240B453A00F36E9E /* VerticalStackView.swift in Sources */,
				8756834B240B16A200F36E9E /* Animations.swift in Sources */,
				87568350240B17B300F36E9E /* CaptureNarcos.swift in Sources */,
				8708DDE1240F026D00A09254 /* CustomTextField.swift in Sources */,
				87568342240AFC5900F36E9E /* PhotoHorizontalController.swift in Sources */,
				87568349240B15D400F36E9E /* Artworks.swift in Sources */,
				87568354240B33AF00F36E9E /* PhotoFullScreenDescriptionCell.swift in Sources */,
				87568347240B155A00F36E9E /* Chapters.swift in Sources */,
				8708DDDB240EDC6200A09254 /* SettingsViewController.swift in Sources */,
				8708DDDD240EDE2F00A09254 /* RegistrationViewController.swift in Sources */,
				87407CBC240A7FDE000ADF81 /* BaseCollectionViewController.swift in Sources */,
				8756835F240C1E0D00F36E9E /* HorizontalSnappingController.swift in Sources */,
				8708DDF3241096A100A09254 /* User.swift in Sources */,
				8754B6832411CDD9000B9FC1 /* NotifyMeCell.swift in Sources */,
				87407CB9240A7EF5000ADF81 /* PhotoGalleryController.swift in Sources */,
				87568344240B09CB00F36E9E /* PhotoRowCell.swift in Sources */,
				8754B6892412080C000B9FC1 /* LoginView.swift in Sources */,
				6030FC7223FF0C79007F0901 /* SceneDelegate.swift in Sources */,
			);
			runOnlyForDeploymentPostprocessing = 0;
		};
		6030FC7E23FF0C7A007F0901 /* Sources */ = {
			isa = PBXSourcesBuildPhase;
			buildActionMask = 2147483647;
			files = (
				6030FC8723FF0C7A007F0901 /* OnrampProjectTests.swift in Sources */,
			);
			runOnlyForDeploymentPostprocessing = 0;
		};
		6030FC8923FF0C7A007F0901 /* Sources */ = {
			isa = PBXSourcesBuildPhase;
			buildActionMask = 2147483647;
			files = (
				6030FC9223FF0C7A007F0901 /* OnrampProjectUITests.swift in Sources */,
			);
			runOnlyForDeploymentPostprocessing = 0;
		};
/* End PBXSourcesBuildPhase section */

/* Begin PBXTargetDependency section */
		6030FC8423FF0C7A007F0901 /* PBXTargetDependency */ = {
			isa = PBXTargetDependency;
			target = 6030FC6B23FF0C79007F0901 /* OnrampProject */;
			targetProxy = 6030FC8323FF0C7A007F0901 /* PBXContainerItemProxy */;
		};
		6030FC8F23FF0C7A007F0901 /* PBXTargetDependency */ = {
			isa = PBXTargetDependency;
			target = 6030FC6B23FF0C79007F0901 /* OnrampProject */;
			targetProxy = 6030FC8E23FF0C7A007F0901 /* PBXContainerItemProxy */;
		};
/* End PBXTargetDependency section */

/* Begin PBXVariantGroup section */
		6030FC7523FF0C79007F0901 /* Main.storyboard */ = {
			isa = PBXVariantGroup;
			children = (
				6030FC7623FF0C79007F0901 /* Base */,
			);
			name = Main.storyboard;
			sourceTree = "<group>";
		};
		6030FC7A23FF0C7A007F0901 /* LaunchScreen.storyboard */ = {
			isa = PBXVariantGroup;
			children = (
				6030FC7B23FF0C7A007F0901 /* Base */,
			);
			name = LaunchScreen.storyboard;
			sourceTree = "<group>";
		};
/* End PBXVariantGroup section */

/* Begin XCBuildConfiguration section */
		6030FC9423FF0C7A007F0901 /* Debug */ = {
			isa = XCBuildConfiguration;
			buildSettings = {
				ALWAYS_SEARCH_USER_PATHS = NO;
				CLANG_ANALYZER_NONNULL = YES;
				CLANG_ANALYZER_NUMBER_OBJECT_CONVERSION = YES_AGGRESSIVE;
				CLANG_CXX_LANGUAGE_STANDARD = "gnu++14";
				CLANG_CXX_LIBRARY = "libc++";
				CLANG_ENABLE_MODULES = YES;
				CLANG_ENABLE_OBJC_ARC = YES;
				CLANG_ENABLE_OBJC_WEAK = YES;
				CLANG_WARN_BLOCK_CAPTURE_AUTORELEASING = YES;
				CLANG_WARN_BOOL_CONVERSION = YES;
				CLANG_WARN_COMMA = YES;
				CLANG_WARN_CONSTANT_CONVERSION = YES;
				CLANG_WARN_DEPRECATED_OBJC_IMPLEMENTATIONS = YES;
				CLANG_WARN_DIRECT_OBJC_ISA_USAGE = YES_ERROR;
				CLANG_WARN_DOCUMENTATION_COMMENTS = YES;
				CLANG_WARN_EMPTY_BODY = YES;
				CLANG_WARN_ENUM_CONVERSION = YES;
				CLANG_WARN_INFINITE_RECURSION = YES;
				CLANG_WARN_INT_CONVERSION = YES;
				CLANG_WARN_NON_LITERAL_NULL_CONVERSION = YES;
				CLANG_WARN_OBJC_IMPLICIT_RETAIN_SELF = YES;
				CLANG_WARN_OBJC_LITERAL_CONVERSION = YES;
				CLANG_WARN_OBJC_ROOT_CLASS = YES_ERROR;
				CLANG_WARN_RANGE_LOOP_ANALYSIS = YES;
				CLANG_WARN_STRICT_PROTOTYPES = YES;
				CLANG_WARN_SUSPICIOUS_MOVE = YES;
				CLANG_WARN_UNGUARDED_AVAILABILITY = YES_AGGRESSIVE;
				CLANG_WARN_UNREACHABLE_CODE = YES;
				CLANG_WARN__DUPLICATE_METHOD_MATCH = YES;
				COPY_PHASE_STRIP = NO;
				DEBUG_INFORMATION_FORMAT = dwarf;
				ENABLE_STRICT_OBJC_MSGSEND = YES;
				ENABLE_TESTABILITY = YES;
				GCC_C_LANGUAGE_STANDARD = gnu11;
				GCC_DYNAMIC_NO_PIC = NO;
				GCC_NO_COMMON_BLOCKS = YES;
				GCC_OPTIMIZATION_LEVEL = 0;
				GCC_PREPROCESSOR_DEFINITIONS = (
					"DEBUG=1",
					"$(inherited)",
				);
				GCC_WARN_64_TO_32_BIT_CONVERSION = YES;
				GCC_WARN_ABOUT_RETURN_TYPE = YES_ERROR;
				GCC_WARN_UNDECLARED_SELECTOR = YES;
				GCC_WARN_UNINITIALIZED_AUTOS = YES_AGGRESSIVE;
				GCC_WARN_UNUSED_FUNCTION = YES;
				GCC_WARN_UNUSED_VARIABLE = YES;
				IPHONEOS_DEPLOYMENT_TARGET = 13.2;
				MTL_ENABLE_DEBUG_INFO = INCLUDE_SOURCE;
				MTL_FAST_MATH = YES;
				ONLY_ACTIVE_ARCH = YES;
				SDKROOT = iphoneos;
				SWIFT_ACTIVE_COMPILATION_CONDITIONS = DEBUG;
				SWIFT_OPTIMIZATION_LEVEL = "-Onone";
			};
			name = Debug;
		};
		6030FC9523FF0C7A007F0901 /* Release */ = {
			isa = XCBuildConfiguration;
			buildSettings = {
				ALWAYS_SEARCH_USER_PATHS = NO;
				CLANG_ANALYZER_NONNULL = YES;
				CLANG_ANALYZER_NUMBER_OBJECT_CONVERSION = YES_AGGRESSIVE;
				CLANG_CXX_LANGUAGE_STANDARD = "gnu++14";
				CLANG_CXX_LIBRARY = "libc++";
				CLANG_ENABLE_MODULES = YES;
				CLANG_ENABLE_OBJC_ARC = YES;
				CLANG_ENABLE_OBJC_WEAK = YES;
				CLANG_WARN_BLOCK_CAPTURE_AUTORELEASING = YES;
				CLANG_WARN_BOOL_CONVERSION = YES;
				CLANG_WARN_COMMA = YES;
				CLANG_WARN_CONSTANT_CONVERSION = YES;
				CLANG_WARN_DEPRECATED_OBJC_IMPLEMENTATIONS = YES;
				CLANG_WARN_DIRECT_OBJC_ISA_USAGE = YES_ERROR;
				CLANG_WARN_DOCUMENTATION_COMMENTS = YES;
				CLANG_WARN_EMPTY_BODY = YES;
				CLANG_WARN_ENUM_CONVERSION = YES;
				CLANG_WARN_INFINITE_RECURSION = YES;
				CLANG_WARN_INT_CONVERSION = YES;
				CLANG_WARN_NON_LITERAL_NULL_CONVERSION = YES;
				CLANG_WARN_OBJC_IMPLICIT_RETAIN_SELF = YES;
				CLANG_WARN_OBJC_LITERAL_CONVERSION = YES;
				CLANG_WARN_OBJC_ROOT_CLASS = YES_ERROR;
				CLANG_WARN_RANGE_LOOP_ANALYSIS = YES;
				CLANG_WARN_STRICT_PROTOTYPES = YES;
				CLANG_WARN_SUSPICIOUS_MOVE = YES;
				CLANG_WARN_UNGUARDED_AVAILABILITY = YES_AGGRESSIVE;
				CLANG_WARN_UNREACHABLE_CODE = YES;
				CLANG_WARN__DUPLICATE_METHOD_MATCH = YES;
				COPY_PHASE_STRIP = NO;
				DEBUG_INFORMATION_FORMAT = "dwarf-with-dsym";
				ENABLE_NS_ASSERTIONS = NO;
				ENABLE_STRICT_OBJC_MSGSEND = YES;
				GCC_C_LANGUAGE_STANDARD = gnu11;
				GCC_NO_COMMON_BLOCKS = YES;
				GCC_WARN_64_TO_32_BIT_CONVERSION = YES;
				GCC_WARN_ABOUT_RETURN_TYPE = YES_ERROR;
				GCC_WARN_UNDECLARED_SELECTOR = YES;
				GCC_WARN_UNINITIALIZED_AUTOS = YES_AGGRESSIVE;
				GCC_WARN_UNUSED_FUNCTION = YES;
				GCC_WARN_UNUSED_VARIABLE = YES;
				IPHONEOS_DEPLOYMENT_TARGET = 13.2;
				MTL_ENABLE_DEBUG_INFO = NO;
				MTL_FAST_MATH = YES;
				SDKROOT = iphoneos;
				SWIFT_COMPILATION_MODE = wholemodule;
				SWIFT_OPTIMIZATION_LEVEL = "-O";
				VALIDATE_PRODUCT = YES;
			};
			name = Release;
		};
		6030FC9723FF0C7A007F0901 /* Debug */ = {
			isa = XCBuildConfiguration;
			baseConfigurationReference = B98C2319281B2E58F3A1DBE8 /* Pods-OnrampProject.debug.xcconfig */;
			buildSettings = {
				ASSETCATALOG_COMPILER_APPICON_NAME = AppIcon;
				CODE_SIGN_STYLE = Automatic;
				DEVELOPMENT_TEAM = 29KKRTJA28;
				INFOPLIST_FILE = "OnrampProject/Supporting Files/Info.plist";
				LD_RUNPATH_SEARCH_PATHS = (
					"$(inherited)",
					"@executable_path/Frameworks",
				);
				PRODUCT_BUNDLE_IDENTIFIER = com.geronimo.ramon.OnrampProject;
				PRODUCT_NAME = "$(TARGET_NAME)";
				SWIFT_VERSION = 5.0;
				TARGETED_DEVICE_FAMILY = "1,2";
			};
			name = Debug;
		};
		6030FC9823FF0C7A007F0901 /* Release */ = {
			isa = XCBuildConfiguration;
			baseConfigurationReference = 6DD4DE6F8CFFAA9F7E02A9C7 /* Pods-OnrampProject.release.xcconfig */;
			buildSettings = {
				ASSETCATALOG_COMPILER_APPICON_NAME = AppIcon;
				CODE_SIGN_STYLE = Automatic;
				DEVELOPMENT_TEAM = 29KKRTJA28;
				INFOPLIST_FILE = "OnrampProject/Supporting Files/Info.plist";
				LD_RUNPATH_SEARCH_PATHS = (
					"$(inherited)",
					"@executable_path/Frameworks",
				);
				PRODUCT_BUNDLE_IDENTIFIER = com.geronimo.ramon.OnrampProject;
				PRODUCT_NAME = "$(TARGET_NAME)";
				SWIFT_VERSION = 5.0;
				TARGETED_DEVICE_FAMILY = "1,2";
			};
			name = Release;
		};
		6030FC9A23FF0C7A007F0901 /* Debug */ = {
			isa = XCBuildConfiguration;
			baseConfigurationReference = D2E1FA3D8C6C1AB29AD2E808 /* Pods-OnrampProjectTests.debug.xcconfig */;
			buildSettings = {
				ALWAYS_EMBED_SWIFT_STANDARD_LIBRARIES = YES;
				BUNDLE_LOADER = "$(TEST_HOST)";
				CODE_SIGN_STYLE = Automatic;
				INFOPLIST_FILE = OnrampProjectTests/Info.plist;
				IPHONEOS_DEPLOYMENT_TARGET = 13.2;
				LD_RUNPATH_SEARCH_PATHS = (
					"$(inherited)",
					"@executable_path/Frameworks",
					"@loader_path/Frameworks",
				);
				PRODUCT_BUNDLE_IDENTIFIER = com.onramp.OnrampProjectTests;
				PRODUCT_NAME = "$(TARGET_NAME)";
				SWIFT_VERSION = 5.0;
				TARGETED_DEVICE_FAMILY = "1,2";
				TEST_HOST = "$(BUILT_PRODUCTS_DIR)/OnrampProject.app/OnrampProject";
			};
			name = Debug;
		};
		6030FC9B23FF0C7A007F0901 /* Release */ = {
			isa = XCBuildConfiguration;
			baseConfigurationReference = 9EEE961888E737135AD3011B /* Pods-OnrampProjectTests.release.xcconfig */;
			buildSettings = {
				ALWAYS_EMBED_SWIFT_STANDARD_LIBRARIES = YES;
				BUNDLE_LOADER = "$(TEST_HOST)";
				CODE_SIGN_STYLE = Automatic;
				INFOPLIST_FILE = OnrampProjectTests/Info.plist;
				IPHONEOS_DEPLOYMENT_TARGET = 13.2;
				LD_RUNPATH_SEARCH_PATHS = (
					"$(inherited)",
					"@executable_path/Frameworks",
					"@loader_path/Frameworks",
				);
				PRODUCT_BUNDLE_IDENTIFIER = com.onramp.OnrampProjectTests;
				PRODUCT_NAME = "$(TARGET_NAME)";
				SWIFT_VERSION = 5.0;
				TARGETED_DEVICE_FAMILY = "1,2";
				TEST_HOST = "$(BUILT_PRODUCTS_DIR)/OnrampProject.app/OnrampProject";
			};
			name = Release;
		};
		6030FC9D23FF0C7A007F0901 /* Debug */ = {
			isa = XCBuildConfiguration;
			baseConfigurationReference = 0C475A5CEFAD96E06A9C252A /* Pods-OnrampProject-OnrampProjectUITests.debug.xcconfig */;
			buildSettings = {
				ALWAYS_EMBED_SWIFT_STANDARD_LIBRARIES = YES;
				CODE_SIGN_STYLE = Automatic;
				INFOPLIST_FILE = OnrampProjectUITests/Info.plist;
				LD_RUNPATH_SEARCH_PATHS = (
					"$(inherited)",
					"@executable_path/Frameworks",
					"@loader_path/Frameworks",
				);
				PRODUCT_BUNDLE_IDENTIFIER = com.onramp.OnrampProjectUITests;
				PRODUCT_NAME = "$(TARGET_NAME)";
				SWIFT_VERSION = 5.0;
				TARGETED_DEVICE_FAMILY = "1,2";
				TEST_TARGET_NAME = OnrampProject;
			};
			name = Debug;
		};
		6030FC9E23FF0C7A007F0901 /* Release */ = {
			isa = XCBuildConfiguration;
			baseConfigurationReference = 95DBD5FECBC232F568B49BD4 /* Pods-OnrampProject-OnrampProjectUITests.release.xcconfig */;
			buildSettings = {
				ALWAYS_EMBED_SWIFT_STANDARD_LIBRARIES = YES;
				CODE_SIGN_STYLE = Automatic;
				INFOPLIST_FILE = OnrampProjectUITests/Info.plist;
				LD_RUNPATH_SEARCH_PATHS = (
					"$(inherited)",
					"@executable_path/Frameworks",
					"@loader_path/Frameworks",
				);
				PRODUCT_BUNDLE_IDENTIFIER = com.onramp.OnrampProjectUITests;
				PRODUCT_NAME = "$(TARGET_NAME)";
				SWIFT_VERSION = 5.0;
				TARGETED_DEVICE_FAMILY = "1,2";
				TEST_TARGET_NAME = OnrampProject;
			};
			name = Release;
		};
/* End XCBuildConfiguration section */

/* Begin XCConfigurationList section */
		6030FC6723FF0C79007F0901 /* Build configuration list for PBXProject "OnrampProject" */ = {
			isa = XCConfigurationList;
			buildConfigurations = (
				6030FC9423FF0C7A007F0901 /* Debug */,
				6030FC9523FF0C7A007F0901 /* Release */,
			);
			defaultConfigurationIsVisible = 0;
			defaultConfigurationName = Release;
		};
		6030FC9623FF0C7A007F0901 /* Build configuration list for PBXNativeTarget "OnrampProject" */ = {
			isa = XCConfigurationList;
			buildConfigurations = (
				6030FC9723FF0C7A007F0901 /* Debug */,
				6030FC9823FF0C7A007F0901 /* Release */,
			);
			defaultConfigurationIsVisible = 0;
			defaultConfigurationName = Release;
		};
		6030FC9923FF0C7A007F0901 /* Build configuration list for PBXNativeTarget "OnrampProjectTests" */ = {
			isa = XCConfigurationList;
			buildConfigurations = (
				6030FC9A23FF0C7A007F0901 /* Debug */,
				6030FC9B23FF0C7A007F0901 /* Release */,
			);
			defaultConfigurationIsVisible = 0;
			defaultConfigurationName = Release;
		};
		6030FC9C23FF0C7A007F0901 /* Build configuration list for PBXNativeTarget "OnrampProjectUITests" */ = {
			isa = XCConfigurationList;
			buildConfigurations = (
				6030FC9D23FF0C7A007F0901 /* Debug */,
				6030FC9E23FF0C7A007F0901 /* Release */,
			);
			defaultConfigurationIsVisible = 0;
			defaultConfigurationName = Release;
		};
/* End XCConfigurationList section */
	};
	rootObject = 6030FC6423FF0C79007F0901 /* Project object */;
}
